{
  "originHash" : "fb8651ef0909bb8de506349314c7c2e6d62c2ec2e6eb397049057a5688247951",
  "pins" : [
    {
      "identity" : "capacitor-swift-pm",
      "kind" : "remoteSourceControl",
      "location" : "https://github.com/ionic-team/capacitor-swift-pm.git",
      "state" : {
        "revision" : "1af38be000bb5fcd1d8fec09694115cdcb179695",
        "version" : "8.3.3"
      }
    },
    {
      "identity" : "purchases-hybrid-common",
      "kind" : "remoteSourceControl",
      "location" : "https://github.com/RevenueCat/purchases-hybrid-common.git",
      "state" : {
        "revision" : "c7c16adddc62342942b6a5098d0bd77a6e25825b",
        "version" : "18.9.1"
      }
    },
    {
      "identity" : "purchases-ios-spm",
      "kind" : "remoteSourceControl",
      "location" : "https://github.com/RevenueCat/purchases-ios-spm",
      "state" : {
        "revision" : "3bbaa4a88d74c863ee5bc4295b2fc628323eff0d",
        "version" : "5.75.0"
      }
    }
  ],
  "version" : 3
}
